
Microsoft Visual Studio Solution File, Format Version 12.00
# Visual Studio Version 17
VisualStudioVersion = 17.3.32929.385
MinimumVisualStudioVersion = 10.0.40219.1
Project("{9A19103F-16F7-4668-BE54-9A1E7A4F7556}") = "Authorization.Service", "Authorization.Service\Authorization.Service.csproj", "{D9E516B3-3CE9-467B-A15C-81FAF6F3E3E7}"
EndProject
Project("{9A19103F-16F7-4668-BE54-9A1E7A4F7556}") = "Infrastructure.Core", "Infrastructure.Core\Infrastructure.Core.csproj", "{5B03AC93-2714-4E98-AC0D-3ECE28DB4141}"
EndProject
Project("{9A19103F-16F7-4668-BE54-9A1E7A4F7556}") = "Infrastructure.Database", "Infrastructure.Database\Infrastructure.Database.csproj", "{B148F1FE-1232-43DF-B6D5-802A71341123}"
EndProject
Project("{9A19103F-16F7-4668-BE54-9A1E7A4F7556}") = "Web.Facade", "Web.Facade\Web.Facade.csproj", "{4E69FE8C-D80E-4BAA-B19B-7AC192B9CC75}"
EndProject
Global
	GlobalSection(SolutionConfigurationPlatforms) = preSolution
		Debug|Any CPU = Debug|Any CPU
		Release|Any CPU = Release|Any CPU
	EndGlobalSection
	GlobalSection(ProjectConfigurationPlatforms) = postSolution
		{D9E516B3-3CE9-467B-A15C-81FAF6F3E3E7}.Debug|Any CPU.ActiveCfg = Debug|Any CPU
		{D9E516B3-3CE9-467B-A15C-81FAF6F3E3E7}.Debug|Any CPU.Build.0 = Debug|Any CPU
		{D9E516B3-3CE9-467B-A15C-81FAF6F3E3E7}.Release|Any CPU.ActiveCfg = Release|Any CPU
		{D9E516B3-3CE9-467B-A15C-81FAF6F3E3E7}.Release|Any CPU.Build.0 = Release|Any CPU
		{5B03AC93-2714-4E98-AC0D-3ECE28DB4141}.Debug|Any CPU.ActiveCfg = Debug|Any CPU
		{5B03AC93-2714-4E98-AC0D-3ECE28DB4141}.Debug|Any CPU.Build.0 = Debug|Any CPU
		{5B03AC93-2714-4E98-AC0D-3ECE28DB4141}.Release|Any CPU.ActiveCfg = Release|Any CPU
		{5B03AC93-2714-4E98-AC0D-3ECE28DB4141}.Release|Any CPU.Build.0 = Release|Any CPU
		{B148F1FE-1232-43DF-B6D5-802A71341123}.Debug|Any CPU.ActiveCfg = Debug|Any CPU
		{B148F1FE-1232-43DF-B6D5-802A71341123}.Debug|Any CPU.Build.0 = Debug|Any CPU
		{B148F1FE-1232-43DF-B6D5-802A71341123}.Release|Any CPU.ActiveCfg = Release|Any CPU
		{B148F1FE-1232-43DF-B6D5-802A71341123}.Release|Any CPU.Build.0 = Release|Any CPU
		{4E69FE8C-D80E-4BAA-B19B-7AC192B9CC75}.Debug|Any CPU.ActiveCfg = Debug|Any CPU
		{4E69FE8C-D80E-4BAA-B19B-7AC192B9CC75}.Debug|Any CPU.Build.0 = Debug|Any CPU
		{4E69FE8C-D80E-4BAA-B19B-7AC192B9CC75}.Release|Any CPU.ActiveCfg = Release|Any CPU
		{4E69FE8C-D80E-4BAA-B19B-7AC192B9CC75}.Release|Any CPU.Build.0 = Release|Any CPU
	EndGlobalSection
	GlobalSection(SolutionProperties) = preSolution
		HideSolutionNode = FALSE
	EndGlobalSection
	GlobalSection(ExtensibilityGlobals) = postSolution
		SolutionGuid = {BBE604D5-A971-40CC-97DE-8716F83283BA}
	EndGlobalSection
EndGlobal
