
Microsoft Visual Studio Solution File, Format Version 12.00
# Visual Studio Version 17
VisualStudioVersion = 17.3.32929.385
MinimumVisualStudioVersion = 10.0.40219.1
Project("{2150E333-8FDC-42A3-9474-1A3956D46DE8}") = "Solution Items", "Solution Items", "{1BCF7B1D-27DB-4AD4-81CE-BC825CB3A5B3}"
	ProjectSection(SolutionItems) = preProject
		docker-compose\common-services.yml = docker-compose\common-services.yml
		docker-compose\docker-compose.yml = docker-compose\docker-compose.yml
		Dockerfile = Dockerfile
	EndProjectSection
EndProject
Project("{9A19103F-16F7-4668-BE54-9A1E7A4F7556}") = "Infrastructure.Core", "Infrastructure.Core\Infrastructure.Core.csproj", "{2528221B-0CCB-4354-B669-C4B1100DA73B}"
EndProject
Project("{9A19103F-16F7-4668-BE54-9A1E7A4F7556}") = "Infrastructure.Database", "Infrastructure.Database\Infrastructure.Database.csproj", "{ED1E43D5-D642-4CA4-B8DA-5FD6E81B5495}"
EndProject
Project("{9A19103F-16F7-4668-BE54-9A1E7A4F7556}") = "Authorization.Service", "Authorization.Service\Authorization.Service.csproj", "{B68C5060-BAF8-4A9B-A3C4-C1E0810F33C9}"
EndProject
Project("{9A19103F-16F7-4668-BE54-9A1E7A4F7556}") = "Users.Service", "Users.Service\Users.Service.csproj", "{4E231FA2-4364-42EB-8F5E-92F9F224E884}"
EndProject
Project("{D954291E-2A0B-460D-934E-DC6B0785DB48}") = "Shared", "Shared\Shared.shproj", "{F3062310-9D1A-4838-8829-71052FDF3327}"
EndProject
Project("{9A19103F-16F7-4668-BE54-9A1E7A4F7556}") = "Web.Facade", "Web.Facade\Web.Facade.csproj", "{E09BDF07-2A0A-4705-A80D-D995D32D40F0}"
EndProject
Project("{9A19103F-16F7-4668-BE54-9A1E7A4F7556}") = "CloudStorage.Service", "CloudStorage.Service\CloudStorage.Service.csproj", "{31AC29D4-E2D7-487B-A347-7F08FBF20822}"
EndProject
Global
	GlobalSection(SolutionConfigurationPlatforms) = preSolution
		Debug|Any CPU = Debug|Any CPU
		Release|Any CPU = Release|Any CPU
	EndGlobalSection
	GlobalSection(ProjectConfigurationPlatforms) = postSolution
		{2528221B-0CCB-4354-B669-C4B1100DA73B}.Debug|Any CPU.ActiveCfg = Debug|Any CPU
		{2528221B-0CCB-4354-B669-C4B1100DA73B}.Debug|Any CPU.Build.0 = Debug|Any CPU
		{2528221B-0CCB-4354-B669-C4B1100DA73B}.Release|Any CPU.ActiveCfg = Release|Any CPU
		{2528221B-0CCB-4354-B669-C4B1100DA73B}.Release|Any CPU.Build.0 = Release|Any CPU
		{ED1E43D5-D642-4CA4-B8DA-5FD6E81B5495}.Debug|Any CPU.ActiveCfg = Debug|Any CPU
		{ED1E43D5-D642-4CA4-B8DA-5FD6E81B5495}.Debug|Any CPU.Build.0 = Debug|Any CPU
		{ED1E43D5-D642-4CA4-B8DA-5FD6E81B5495}.Release|Any CPU.ActiveCfg = Release|Any CPU
		{ED1E43D5-D642-4CA4-B8DA-5FD6E81B5495}.Release|Any CPU.Build.0 = Release|Any CPU
		{B68C5060-BAF8-4A9B-A3C4-C1E0810F33C9}.Debug|Any CPU.ActiveCfg = Debug|Any CPU
		{B68C5060-BAF8-4A9B-A3C4-C1E0810F33C9}.Debug|Any CPU.Build.0 = Debug|Any CPU
		{B68C5060-BAF8-4A9B-A3C4-C1E0810F33C9}.Release|Any CPU.ActiveCfg = Release|Any CPU
		{B68C5060-BAF8-4A9B-A3C4-C1E0810F33C9}.Release|Any CPU.Build.0 = Release|Any CPU
		{4E231FA2-4364-42EB-8F5E-92F9F224E884}.Debug|Any CPU.ActiveCfg = Debug|Any CPU
		{4E231FA2-4364-42EB-8F5E-92F9F224E884}.Debug|Any CPU.Build.0 = Debug|Any CPU
		{4E231FA2-4364-42EB-8F5E-92F9F224E884}.Release|Any CPU.ActiveCfg = Release|Any CPU
		{4E231FA2-4364-42EB-8F5E-92F9F224E884}.Release|Any CPU.Build.0 = Release|Any CPU
		{E09BDF07-2A0A-4705-A80D-D995D32D40F0}.Debug|Any CPU.ActiveCfg = Debug|Any CPU
		{E09BDF07-2A0A-4705-A80D-D995D32D40F0}.Debug|Any CPU.Build.0 = Debug|Any CPU
		{E09BDF07-2A0A-4705-A80D-D995D32D40F0}.Release|Any CPU.ActiveCfg = Release|Any CPU
		{E09BDF07-2A0A-4705-A80D-D995D32D40F0}.Release|Any CPU.Build.0 = Release|Any CPU
		{31AC29D4-E2D7-487B-A347-7F08FBF20822}.Debug|Any CPU.ActiveCfg = Debug|Any CPU
		{31AC29D4-E2D7-487B-A347-7F08FBF20822}.Debug|Any CPU.Build.0 = Debug|Any CPU
		{31AC29D4-E2D7-487B-A347-7F08FBF20822}.Release|Any CPU.ActiveCfg = Release|Any CPU
		{31AC29D4-E2D7-487B-A347-7F08FBF20822}.Release|Any CPU.Build.0 = Release|Any CPU
	EndGlobalSection
	GlobalSection(SolutionProperties) = preSolution
		HideSolutionNode = FALSE
	EndGlobalSection
	GlobalSection(ExtensibilityGlobals) = postSolution
		SolutionGuid = {BBE604D5-A971-40CC-97DE-8716F83283BA}
	EndGlobalSection
	GlobalSection(SharedMSBuildProjectFiles) = preSolution
		Shared\Shared.projitems*{2528221b-0ccb-4354-b669-c4b1100da73b}*SharedItemsImports = 5
		Shared\Shared.projitems*{31ac29d4-e2d7-487b-a347-7f08fbf20822}*SharedItemsImports = 5
		Shared\Shared.projitems*{4e231fa2-4364-42eb-8f5e-92f9f224e884}*SharedItemsImports = 5
		Shared\Shared.projitems*{b68c5060-baf8-4a9b-a3c4-c1e0810f33c9}*SharedItemsImports = 5
		Shared\Shared.projitems*{e09bdf07-2a0a-4705-a80d-d995d32d40f0}*SharedItemsImports = 5
		Shared\Shared.projitems*{ed1e43d5-d642-4ca4-b8da-5fd6e81b5495}*SharedItemsImports = 5
		Shared\Shared.projitems*{f3062310-9d1a-4838-8829-71052fdf3327}*SharedItemsImports = 13
	EndGlobalSection
EndGlobal
